
Microsoft Visual Studio Solution File, Format Version 12.00
# Visual Studio Version 16
VisualStudioVersion = 16.0.30225.117
MinimumVisualStudioVersion = 10.0.40219.1
Project("{FAE04EC0-301F-11D3-BF4B-00C04F79EFBC}") = "FilmesDaVivi", "FilmesDaVivi\FilmesDaVivi.csproj", "{0956CC48-DA3C-437D-86C0-1CA29FD15082}"
EndProject
Global
	GlobalSection(SolutionConfigurationPlatforms) = preSolution
		Debug|Any CPU = Debug|Any CPU
		Release|Any CPU = Release|Any CPU
	EndGlobalSection
	GlobalSection(ProjectConfigurationPlatforms) = postSolution
		{0956CC48-DA3C-437D-86C0-1CA29FD15082}.Debug|Any CPU.ActiveCfg = Debug|Any CPU
		{0956CC48-DA3C-437D-86C0-1CA29FD15082}.Debug|Any CPU.Build.0 = Debug|Any CPU
		{0956CC48-DA3C-437D-86C0-1CA29FD15082}.Release|Any CPU.ActiveCfg = Release|Any CPU
		{0956CC48-DA3C-437D-86C0-1CA29FD15082}.Release|Any CPU.Build.0 = Release|Any CPU
	EndGlobalSection
	GlobalSection(SolutionProperties) = preSolution
		HideSolutionNode = FALSE
	EndGlobalSection
	GlobalSection(ExtensibilityGlobals) = postSolution
		SolutionGuid = {F9D4290B-CCB1-4F4C-B28B-F61DD2D785AA}
	EndGlobalSection
EndGlobal
